{
    "_readme": [
        "This file locks the dependencies of your project to a known state",
        "Read more about it at https://getcomposer.org/doc/01-basic-usage.md#installing-dependencies",
        "This file is @generated automatically"
    ],
    "content-hash": "90fb0e2aff5b3237e20fe9167db4aeb6",
    "packages": [
        {
            "name": "bottledcode/swytch-framework",
            "version": "v0.1.0",
            "source": {
                "type": "git",
                "url": "https://github.com/bottledcode/swytch-framework.git",
                "reference": "8df4943993b750513ae0c7b1184cd84c5cf250ec"
            },
            "dist": {
                "type": "zip",
                "url": "https://api.github.com/repos/bottledcode/swytch-framework/zipball/8df4943993b750513ae0c7b1184cd84c5cf250ec",
                "reference": "8df4943993b750513ae0c7b1184cd84c5cf250ec",
                "shasum": ""
            },
            "require": {
                "ext-dom": "*",
                "ext-intl": "*",
                "ext-mbstring": "*",
                "ext-sodium": "*",
                "gettext/gettext": "^5.6",
                "gettext/translator": "^1.1",
                "laminas/laminas-escaper": "^2.12",
                "masterminds/html5": "^2.7",
                "olvlvl/composer-attribute-collector": "^1.1",
                "php": ">=8.2",
                "psr/container": "2.0.2"
            },
            "require-dev": {
                "infection/infection": "^0.26.19",
                "pestphp/pest": "^1.22",
                "pestphp/pest-plugin-mock": "^1.0",
                "php-di/php-di": "^7.0",
                "phpstan/phpstan": "^1.9",
                "roave/security-advisories": "dev-latest",
                "spatie/pest-plugin-snapshots": "^1.1"
            },
            "suggest": {
                "monolog/monolog": "For logging",
                "php-di/php-di": "For dependency injection",
                "symfony/serializer": "For state validation"
            },
            "type": "library",
            "autoload": {
                "psr-4": {
                    "Bottledcode\\SwytchFramework\\": "src/"
                }
            },
            "notification-url": "https://packagist.org/downloads/",
            "license": [
                "MIT"
            ],
            "authors": [
                {
                    "name": "Robert Landers",
                    "email": "landers.robert@gmail.com"
                }
            ],
            "description": "A PHP framework for building web applications",
            "support": {
                "issues": "https://github.com/bottledcode/swytch-framework/issues",
                "source": "https://github.com/bottledcode/swytch-framework/tree/v0.1.0"
            },
            "time": "2023-02-26T21:40:47+00:00"
        },
        {
            "name": "gettext/gettext",
            "version": "v5.7.0",
            "source": {
                "type": "git",
                "url": "https://github.com/php-gettext/Gettext.git",
                "reference": "8657e580747bb3baacccdcebe69cac094661e404"
            },
            "dist": {
                "type": "zip",
                "url": "https://api.github.com/repos/php-gettext/Gettext/zipball/8657e580747bb3baacccdcebe69cac094661e404",
                "reference": "8657e580747bb3baacccdcebe69cac094661e404",
                "shasum": ""
            },
            "require": {
                "gettext/languages": "^2.3",
                "php": "^7.2|^8.0"
            },
            "require-dev": {
                "brick/varexporter": "^0.3.5",
                "friendsofphp/php-cs-fixer": "^3.2",
                "oscarotero/php-cs-fixer-config": "^2.0",
                "phpunit/phpunit": "^8.0|^9.0",
                "squizlabs/php_codesniffer": "^3.0"
            },
            "type": "library",
            "autoload": {
                "psr-4": {
                    "Gettext\\": "src"
                }
            },
            "notification-url": "https://packagist.org/downloads/",
            "license": [
                "MIT"
            ],
            "authors": [
                {
                    "name": "Oscar Otero",
                    "email": "oom@oscarotero.com",
                    "homepage": "http://oscarotero.com",
                    "role": "Developer"
                }
            ],
            "description": "PHP gettext manager",
            "homepage": "https://github.com/php-gettext/Gettext",
            "keywords": [
                "JS",
                "gettext",
                "i18n",
                "mo",
                "po",
                "translation"
            ],
            "support": {
                "email": "oom@oscarotero.com",
                "issues": "https://github.com/php-gettext/Gettext/issues",
                "source": "https://github.com/php-gettext/Gettext/tree/v5.7.0"
            },
            "funding": [
                {
                    "url": "https://paypal.me/oscarotero",
                    "type": "custom"
                },
                {
                    "url": "https://github.com/oscarotero",
                    "type": "github"
                },
                {
                    "url": "https://www.patreon.com/misteroom",
                    "type": "patreon"
                }
            ],
            "time": "2022-07-27T19:54:55+00:00"
        },
        {
            "name": "gettext/languages",
            "version": "2.10.0",
            "source": {
                "type": "git",
                "url": "https://github.com/php-gettext/Languages.git",
                "reference": "4d61d67fe83a2ad85959fe6133d6d9ba7dddd1ab"
            },
            "dist": {
                "type": "zip",
                "url": "https://api.github.com/repos/php-gettext/Languages/zipball/4d61d67fe83a2ad85959fe6133d6d9ba7dddd1ab",
                "reference": "4d61d67fe83a2ad85959fe6133d6d9ba7dddd1ab",
                "shasum": ""
            },
            "require": {
                "php": ">=5.3"
            },
            "require-dev": {
                "phpunit/phpunit": "^4.8 || ^5.7 || ^6.5 || ^7.5 || ^8.4"
            },
            "bin": [
                "bin/export-plural-rules"
            ],
            "type": "library",
            "autoload": {
                "psr-4": {
                    "Gettext\\Languages\\": "src/"
                }
            },
            "notification-url": "https://packagist.org/downloads/",
            "license": [
                "MIT"
            ],
            "authors": [
                {
                    "name": "Michele Locati",
                    "email": "mlocati@gmail.com",
                    "role": "Developer"
                }
            ],
            "description": "gettext languages with plural rules",
            "homepage": "https://github.com/php-gettext/Languages",
            "keywords": [
                "cldr",
                "i18n",
                "internationalization",
                "l10n",
                "language",
                "languages",
                "localization",
                "php",
                "plural",
                "plural rules",
                "plurals",
                "translate",
                "translations",
                "unicode"
            ],
            "support": {
                "issues": "https://github.com/php-gettext/Languages/issues",
                "source": "https://github.com/php-gettext/Languages/tree/2.10.0"
            },
            "funding": [
                {
                    "url": "https://paypal.me/mlocati",
                    "type": "custom"
                },
                {
                    "url": "https://github.com/mlocati",
                    "type": "github"
                }
            ],
            "time": "2022-10-18T15:00:10+00:00"
        },
        {
            "name": "gettext/translator",
            "version": "v1.1.1",
            "source": {
                "type": "git",
                "url": "https://github.com/php-gettext/Translator.git",
                "reference": "b18ff33e8203de623854561f5e47e992fc5c50bb"
            },
            "dist": {
                "type": "zip",
                "url": "https://api.github.com/repos/php-gettext/Translator/zipball/b18ff33e8203de623854561f5e47e992fc5c50bb",
                "reference": "b18ff33e8203de623854561f5e47e992fc5c50bb",
                "shasum": ""
            },
            "require": {
                "php": "^7.2|^8.0"
            },
            "require-dev": {
                "friendsofphp/php-cs-fixer": "^2.15",
                "gettext/gettext": "^5.0.0",
                "oscarotero/php-cs-fixer-config": "^1.0",
                "phpunit/phpunit": "^8.0",
                "squizlabs/php_codesniffer": "^3.0"
            },
            "suggest": {
                "gettext/gettext": "Is necessary to load and generate array files used by the translator"
            },
            "type": "library",
            "autoload": {
                "psr-4": {
                    "Gettext\\": "src"
                }
            },
            "notification-url": "https://packagist.org/downloads/",
            "license": [
                "MIT"
            ],
            "authors": [
                {
                    "name": "Oscar Otero",
                    "email": "oom@oscarotero.com",
                    "homepage": "http://oscarotero.com",
                    "role": "Developer"
                }
            ],
            "description": "Gettext translator functions",
            "homepage": "https://github.com/php-gettext/Translator",
            "keywords": [
                "gettext",
                "i18n",
                "php",
                "translator"
            ],
            "support": {
                "email": "oom@oscarotero.com",
                "issues": "https://github.com/php-gettext/Translator/issues",
                "source": "https://github.com/php-gettext/Translator/tree/v1.1.1"
            },
            "funding": [
                {
                    "url": "https://paypal.me/oscarotero",
                    "type": "custom"
                },
                {
                    "url": "https://github.com/oscarotero",
                    "type": "github"
                },
                {
                    "url": "https://www.patreon.com/misteroom",
                    "type": "patreon"
                }
            ],
            "time": "2022-02-23T20:29:40+00:00"
        },
        {
            "name": "laminas/laminas-escaper",
            "version": "2.12.0",
            "source": {
                "type": "git",
                "url": "https://github.com/laminas/laminas-escaper.git",
                "reference": "ee7a4c37bf3d0e8c03635d5bddb5bb3184ead490"
            },
            "dist": {
                "type": "zip",
                "url": "https://api.github.com/repos/laminas/laminas-escaper/zipball/ee7a4c37bf3d0e8c03635d5bddb5bb3184ead490",
                "reference": "ee7a4c37bf3d0e8c03635d5bddb5bb3184ead490",
                "shasum": ""
            },
            "require": {
                "ext-ctype": "*",
                "ext-mbstring": "*",
                "php": "^7.4 || ~8.0.0 || ~8.1.0 || ~8.2.0"
            },
            "conflict": {
                "zendframework/zend-escaper": "*"
            },
            "require-dev": {
                "infection/infection": "^0.26.6",
                "laminas/laminas-coding-standard": "~2.4.0",
                "maglnet/composer-require-checker": "^3.8.0",
                "phpunit/phpunit": "^9.5.18",
                "psalm/plugin-phpunit": "^0.17.0",
                "vimeo/psalm": "^4.22.0"
            },
            "type": "library",
            "autoload": {
                "psr-4": {
                    "Laminas\\Escaper\\": "src/"
                }
            },
            "notification-url": "https://packagist.org/downloads/",
            "license": [
                "BSD-3-Clause"
            ],
            "description": "Securely and safely escape HTML, HTML attributes, JavaScript, CSS, and URLs",
            "homepage": "https://laminas.dev",
            "keywords": [
                "escaper",
                "laminas"
            ],
            "support": {
                "chat": "https://laminas.dev/chat",
                "docs": "https://docs.laminas.dev/laminas-escaper/",
                "forum": "https://discourse.laminas.dev",
                "issues": "https://github.com/laminas/laminas-escaper/issues",
                "rss": "https://github.com/laminas/laminas-escaper/releases.atom",
                "source": "https://github.com/laminas/laminas-escaper"
            },
            "funding": [
                {
                    "url": "https://funding.communitybridge.org/projects/laminas-project",
                    "type": "community_bridge"
                }
            ],
            "time": "2022-10-10T10:11:09+00:00"
        },
        {
            "name": "masterminds/html5",
            "version": "2.7.6",
            "source": {
                "type": "git",
                "url": "https://github.com/Masterminds/html5-php.git",
                "reference": "897eb517a343a2281f11bc5556d6548db7d93947"
            },
            "dist": {
                "type": "zip",
                "url": "https://api.github.com/repos/Masterminds/html5-php/zipball/897eb517a343a2281f11bc5556d6548db7d93947",
                "reference": "897eb517a343a2281f11bc5556d6548db7d93947",
                "shasum": ""
            },
            "require": {
                "ext-ctype": "*",
                "ext-dom": "*",
                "ext-libxml": "*",
                "php": ">=5.3.0"
            },
            "require-dev": {
                "phpunit/phpunit": "^4.8.35 || ^5.7.21 || ^6 || ^7"
            },
            "type": "library",
            "extra": {
                "branch-alias": {
                    "dev-master": "2.7-dev"
                }
            },
            "autoload": {
                "psr-4": {
                    "Masterminds\\": "src"
                }
            },
            "notification-url": "https://packagist.org/downloads/",
            "license": [
                "MIT"
            ],
            "authors": [
                {
                    "name": "Matt Butcher",
                    "email": "technosophos@gmail.com"
                },
                {
                    "name": "Matt Farina",
                    "email": "matt@mattfarina.com"
                },
                {
                    "name": "Asmir Mustafic",
                    "email": "goetas@gmail.com"
                }
            ],
            "description": "An HTML5 parser and serializer.",
            "homepage": "http://masterminds.github.io/html5-php",
            "keywords": [
                "HTML5",
                "dom",
                "html",
                "parser",
                "querypath",
                "serializer",
                "xml"
            ],
            "support": {
                "issues": "https://github.com/Masterminds/html5-php/issues",
                "source": "https://github.com/Masterminds/html5-php/tree/2.7.6"
            },
            "time": "2022-08-18T16:18:26+00:00"
        },
        {
            "name": "olvlvl/composer-attribute-collector",
            "version": "v1.1.0",
            "source": {
                "type": "git",
                "url": "https://github.com/olvlvl/composer-attribute-collector.git",
                "reference": "3bd1168b34b258812db8d0f827c071abb9968c7f"
            },
            "dist": {
                "type": "zip",
                "url": "https://api.github.com/repos/olvlvl/composer-attribute-collector/zipball/3bd1168b34b258812db8d0f827c071abb9968c7f",
                "reference": "3bd1168b34b258812db8d0f827c071abb9968c7f",
                "shasum": ""
            },
            "require": {
                "composer-plugin-api": "^2.0",
                "php": ">=8.0"
            },
            "require-dev": {
                "composer/composer": ">=2.4",
                "phpstan/phpstan": "^1.9",
                "phpunit/phpunit": "^9.5"
            },
            "type": "composer-plugin",
            "extra": {
                "class": "olvlvl\\ComposerAttributeCollector\\Plugin",
                "composer-attribute-collector": {
                    "ignore-paths": [
                        "IncompatibleSignature"
                    ]
                }
            },
            "autoload": {
                "psr-4": {
                    "olvlvl\\ComposerAttributeCollector\\": "src"
                }
            },
            "notification-url": "https://packagist.org/downloads/",
            "license": [
                "BSD-3-Clause"
            ],
            "authors": [
                {
                    "name": "Olivier Laviale",
                    "email": "olivier.laviale@gmail.com",
                    "homepage": "https://olvlvl.com/",
                    "role": "Developer"
                }
            ],
            "description": "A convenient and near zero-cost way to retrieve targets of PHP 8 attributes",
            "support": {
                "issues": "https://github.com/olvlvl/composer-attribute-collector/issues",
                "source": "https://github.com/olvlvl/composer-attribute-collector/tree/v1.1.0"
            },
            "time": "2023-01-27T10:12:06+00:00"
        },
        {
            "name": "psr/container",
            "version": "2.0.2",
            "source": {
                "type": "git",
                "url": "https://github.com/php-fig/container.git",
                "reference": "c71ecc56dfe541dbd90c5360474fbc405f8d5963"
            },
            "dist": {
                "type": "zip",
                "url": "https://api.github.com/repos/php-fig/container/zipball/c71ecc56dfe541dbd90c5360474fbc405f8d5963",
                "reference": "c71ecc56dfe541dbd90c5360474fbc405f8d5963",
                "shasum": ""
            },
            "require": {
                "php": ">=7.4.0"
            },
            "type": "library",
            "extra": {
                "branch-alias": {
                    "dev-master": "2.0.x-dev"
                }
            },
            "autoload": {
                "psr-4": {
                    "Psr\\Container\\": "src/"
                }
            },
            "notification-url": "https://packagist.org/downloads/",
            "license": [
                "MIT"
            ],
            "authors": [
                {
                    "name": "PHP-FIG",
                    "homepage": "https://www.php-fig.org/"
                }
            ],
            "description": "Common Container Interface (PHP FIG PSR-11)",
            "homepage": "https://github.com/php-fig/container",
            "keywords": [
                "PSR-11",
                "container",
                "container-interface",
                "container-interop",
                "psr"
            ],
            "support": {
                "issues": "https://github.com/php-fig/container/issues",
                "source": "https://github.com/php-fig/container/tree/2.0.2"
            },
            "time": "2021-11-05T16:47:00+00:00"
        }
    ],
    "packages-dev": [],
    "aliases": [],
    "minimum-stability": "stable",
    "stability-flags": [],
    "prefer-stable": false,
    "prefer-lowest": false,
    "platform": [],
    "platform-dev": [],
    "plugin-api-version": "2.3.0"
}
